
Microsoft Visual Studio Solution File, Format Version 12.00
# Visual Studio Version 16
VisualStudioVersion = 16.0.29102.190
MinimumVisualStudioVersion = 10.0.40219.1
Project("{FAE04EC0-301F-11D3-BF4B-00C04F79EFBC}") = "AvaliadorGastronomico.WebUI", "AvaliadorGastronomico.WebUI\AvaliadorGastronomico.WebUI.csproj", "{2F0B3EA3-52E5-48B8-B02C-3EA4B52B28F0}"
EndProject
Project("{FAE04EC0-301F-11D3-BF4B-00C04F79EFBC}") = "AvaliadorGastronomico.WebUI.Tests", "AvaliadorGastronomico.WebUI.Tests\AvaliadorGastronomico.WebUI.Tests.csproj", "{6F5C5302-32F0-4FFD-9E03-CD79D081798D}"
EndProject
Project("{FAE04EC0-301F-11D3-BF4B-00C04F79EFBC}") = "AvaliadorGastronomico.Domain", "AvaliadorGastronomico.Domain\AvaliadorGastronomico.Domain.csproj", "{11A50CC7-F57F-4E4D-ABA0-250DD07B2369}"
EndProject
Project("{FAE04EC0-301F-11D3-BF4B-00C04F79EFBC}") = "UsuariosConsoleClient", "UsuariosConsoleClient\UsuariosConsoleClient.csproj", "{EEED21EC-72E2-4559-8054-5627100E7A38}"
EndProject
Global
	GlobalSection(SolutionConfigurationPlatforms) = preSolution
		Debug|Any CPU = Debug|Any CPU
		Release|Any CPU = Release|Any CPU
	EndGlobalSection
	GlobalSection(ProjectConfigurationPlatforms) = postSolution
		{2F0B3EA3-52E5-48B8-B02C-3EA4B52B28F0}.Debug|Any CPU.ActiveCfg = Debug|Any CPU
		{2F0B3EA3-52E5-48B8-B02C-3EA4B52B28F0}.Debug|Any CPU.Build.0 = Debug|Any CPU
		{2F0B3EA3-52E5-48B8-B02C-3EA4B52B28F0}.Release|Any CPU.ActiveCfg = Release|Any CPU
		{2F0B3EA3-52E5-48B8-B02C-3EA4B52B28F0}.Release|Any CPU.Build.0 = Release|Any CPU
		{6F5C5302-32F0-4FFD-9E03-CD79D081798D}.Debug|Any CPU.ActiveCfg = Debug|Any CPU
		{6F5C5302-32F0-4FFD-9E03-CD79D081798D}.Debug|Any CPU.Build.0 = Debug|Any CPU
		{6F5C5302-32F0-4FFD-9E03-CD79D081798D}.Release|Any CPU.ActiveCfg = Release|Any CPU
		{6F5C5302-32F0-4FFD-9E03-CD79D081798D}.Release|Any CPU.Build.0 = Release|Any CPU
		{11A50CC7-F57F-4E4D-ABA0-250DD07B2369}.Debug|Any CPU.ActiveCfg = Debug|Any CPU
		{11A50CC7-F57F-4E4D-ABA0-250DD07B2369}.Debug|Any CPU.Build.0 = Debug|Any CPU
		{11A50CC7-F57F-4E4D-ABA0-250DD07B2369}.Release|Any CPU.ActiveCfg = Release|Any CPU
		{11A50CC7-F57F-4E4D-ABA0-250DD07B2369}.Release|Any CPU.Build.0 = Release|Any CPU
		{EEED21EC-72E2-4559-8054-5627100E7A38}.Debug|Any CPU.ActiveCfg = Debug|Any CPU
		{EEED21EC-72E2-4559-8054-5627100E7A38}.Debug|Any CPU.Build.0 = Debug|Any CPU
		{EEED21EC-72E2-4559-8054-5627100E7A38}.Release|Any CPU.ActiveCfg = Release|Any CPU
		{EEED21EC-72E2-4559-8054-5627100E7A38}.Release|Any CPU.Build.0 = Release|Any CPU
	EndGlobalSection
	GlobalSection(SolutionProperties) = preSolution
		HideSolutionNode = FALSE
	EndGlobalSection
	GlobalSection(ExtensibilityGlobals) = postSolution
		SolutionGuid = {10B8FE3A-B328-4C95-B849-76F310A7A88D}
	EndGlobalSection
EndGlobal
